PODS:
  - AudioburstMobileLibrary (0.0.29)

DEPENDENCIES:
  - AudioburstMobileLibrary (~> 0.0.21)

SPEC REPOS:
  trunk:
    - AudioburstMobileLibrary

SPEC CHECKSUMS:
  AudioburstMobileLibrary: 2f566b37fc45e4054406fe1a9db18e5678015270

PODFILE CHECKSUM: 64d9c9431add0db29533661fa91321b922ca0128

COCOAPODS: 1.10.1
